
Microsoft Visual Studio Solution File, Format Version 12.00
Project("{FAE04EC0-301F-11D3-BF4B-00C04F79EFBC}") = "CSEMcp", "CSEMcp\CSEMcp.csproj", "{C2BF8BE3-A08D-4993-9EB3-1BBB4A45ED58}"
EndProject
Global
	GlobalSection(SolutionConfigurationPlatforms) = preSolution
		Debug|Any CPU = Debug|Any CPU
		Debug|x64 = Debug|x64
		Debug|x86 = Debug|x86
		Release|Any CPU = Release|Any CPU
		Release|x64 = Release|x64
		Release|x86 = Release|x86
	EndGlobalSection
	GlobalSection(ProjectConfigurationPlatforms) = postSolution
		{C2BF8BE3-A08D-4993-9EB3-1BBB4A45ED58}.Debug|Any CPU.ActiveCfg = Debug|Any CPU
		{C2BF8BE3-A08D-4993-9EB3-1BBB4A45ED58}.Debug|Any CPU.Build.0 = Debug|Any CPU
		{C2BF8BE3-A08D-4993-9EB3-1BBB4A45ED58}.Debug|x64.ActiveCfg = Debug|Any CPU
		{C2BF8BE3-A08D-4993-9EB3-1BBB4A45ED58}.Debug|x64.Build.0 = Debug|Any CPU
		{C2BF8BE3-A08D-4993-9EB3-1BBB4A45ED58}.Debug|x86.ActiveCfg = Debug|Any CPU
		{C2BF8BE3-A08D-4993-9EB3-1BBB4A45ED58}.Debug|x86.Build.0 = Debug|Any CPU
		{C2BF8BE3-A08D-4993-9EB3-1BBB4A45ED58}.Release|Any CPU.ActiveCfg = Release|Any CPU
		{C2BF8BE3-A08D-4993-9EB3-1BBB4A45ED58}.Release|Any CPU.Build.0 = Release|Any CPU
		{C2BF8BE3-A08D-4993-9EB3-1BBB4A45ED58}.Release|x64.ActiveCfg = Release|Any CPU
		{C2BF8BE3-A08D-4993-9EB3-1BBB4A45ED58}.Release|x64.Build.0 = Release|Any CPU
		{C2BF8BE3-A08D-4993-9EB3-1BBB4A45ED58}.Release|x86.ActiveCfg = Release|Any CPU
		{C2BF8BE3-A08D-4993-9EB3-1BBB4A45ED58}.Release|x86.Build.0 = Release|Any CPU
	EndGlobalSection
	GlobalSection(SolutionProperties) = preSolution
		HideSolutionNode = FALSE
	EndGlobalSection
EndGlobal
