
Microsoft Visual Studio Solution File, Format Version 12.00
Project("{FAE04EC0-301F-11D3-BF4B-00C04F79EFBC}") = "SharesMCP", "SharesMCP\SharesMCP.csproj", "{51F0597A-1049-4A0B-B8F9-8D7D44B3E717}"
EndProject
Global
	GlobalSection(SolutionConfigurationPlatforms) = preSolution
		Debug|Any CPU = Debug|Any CPU
		Release|Any CPU = Release|Any CPU
	EndGlobalSection
	GlobalSection(ProjectConfigurationPlatforms) = postSolution
		{51F0597A-1049-4A0B-B8F9-8D7D44B3E717}.Debug|Any CPU.ActiveCfg = Debug|Any CPU
		{51F0597A-1049-4A0B-B8F9-8D7D44B3E717}.Debug|Any CPU.Build.0 = Debug|Any CPU
		{51F0597A-1049-4A0B-B8F9-8D7D44B3E717}.Release|Any CPU.ActiveCfg = Release|Any CPU
		{51F0597A-1049-4A0B-B8F9-8D7D44B3E717}.Release|Any CPU.Build.0 = Release|Any CPU
	EndGlobalSection
EndGlobal
